
Microsoft Visual Studio Solution File, Format Version 12.00
# Visual Studio Version 17
VisualStudioVersion = 17.14.37411.7 d17.14
MinimumVisualStudioVersion = 10.0.40219.1
Project("{FAE04EC0-301F-11D3-BF4B-00C04F79EFBC}") = "CareerOS.Bootstrap", "CareerOS.Bootstrap\CareerOS.Bootstrap.csproj", "{73BE2673-7637-409D-A811-242FF6BCA48B}"
EndProject
Project("{2150E333-8FDC-42A3-9474-1A3956D46DE8}") = "Solution Items", "Solution Items", "{8EC462FD-D22E-90A8-E5CE-7E832BA40C5D}"
	ProjectSection(SolutionItems) = preProject
		.gitignore = .gitignore
		CHANGELOG.md = CHANGELOG.md
		LICENSE = LICENSE
		README.md = README.md
	EndProjectSection
EndProject
Global
	GlobalSection(SolutionConfigurationPlatforms) = preSolution
		Debug|Any CPU = Debug|Any CPU
		Release|Any CPU = Release|Any CPU
	EndGlobalSection
	GlobalSection(ProjectConfigurationPlatforms) = postSolution
		{73BE2673-7637-409D-A811-242FF6BCA48B}.Debug|Any CPU.ActiveCfg = Debug|Any CPU
		{73BE2673-7637-409D-A811-242FF6BCA48B}.Debug|Any CPU.Build.0 = Debug|Any CPU
		{73BE2673-7637-409D-A811-242FF6BCA48B}.Release|Any CPU.ActiveCfg = Release|Any CPU
		{73BE2673-7637-409D-A811-242FF6BCA48B}.Release|Any CPU.Build.0 = Release|Any CPU
	EndGlobalSection
	GlobalSection(SolutionProperties) = preSolution
		HideSolutionNode = FALSE
	EndGlobalSection
	GlobalSection(ExtensibilityGlobals) = postSolution
		SolutionGuid = {5DA83951-C602-4CEF-83D9-5D889A4471AD}
	EndGlobalSection
EndGlobal
